
Microsoft Visual Studio Solution File, Format Version 12.00
Project("{FAE04EC0-301F-11D3-BF4B-00C04F79EFBC}") = "StringMethods", "StringMethods\StringMethods.csproj", "{00C33234-AEA7-4D7E-95F2-129F0DCCBB7B}"
EndProject
Project("{FAE04EC0-301F-11D3-BF4B-00C04F79EFBC}") = "Numbers", "Numbers\Numbers.csproj", "{D414AAF8-4D88-4D3C-8F35-44AECCEBCD83}"
EndProject
Global
	GlobalSection(SolutionConfigurationPlatforms) = preSolution
		Debug|Any CPU = Debug|Any CPU
		Release|Any CPU = Release|Any CPU
	EndGlobalSection
	GlobalSection(ProjectConfigurationPlatforms) = postSolution
		{00C33234-AEA7-4D7E-95F2-129F0DCCBB7B}.Debug|Any CPU.ActiveCfg = Debug|Any CPU
		{00C33234-AEA7-4D7E-95F2-129F0DCCBB7B}.Debug|Any CPU.Build.0 = Debug|Any CPU
		{00C33234-AEA7-4D7E-95F2-129F0DCCBB7B}.Release|Any CPU.ActiveCfg = Release|Any CPU
		{00C33234-AEA7-4D7E-95F2-129F0DCCBB7B}.Release|Any CPU.Build.0 = Release|Any CPU
		{D414AAF8-4D88-4D3C-8F35-44AECCEBCD83}.Debug|Any CPU.ActiveCfg = Debug|Any CPU
		{D414AAF8-4D88-4D3C-8F35-44AECCEBCD83}.Debug|Any CPU.Build.0 = Debug|Any CPU
		{D414AAF8-4D88-4D3C-8F35-44AECCEBCD83}.Release|Any CPU.ActiveCfg = Release|Any CPU
		{D414AAF8-4D88-4D3C-8F35-44AECCEBCD83}.Release|Any CPU.Build.0 = Release|Any CPU
	EndGlobalSection
EndGlobal
