
Microsoft Visual Studio Solution File, Format Version 12.00
Project("{FAE04EC0-301F-11D3-BF4B-00C04F79EFBC}") = "Task1", "Task1\Task1.csproj", "{01AB69A6-E2E2-436A-A315-E9AC3A218DDE}"
EndProject
Project("{FAE04EC0-301F-11D3-BF4B-00C04F79EFBC}") = "Task2", "Task2\Task2.csproj", "{4018E06F-BEB5-499D-B382-0E5E301491F6}"
EndProject
Global
	GlobalSection(SolutionConfigurationPlatforms) = preSolution
		Debug|Any CPU = Debug|Any CPU
		Release|Any CPU = Release|Any CPU
	EndGlobalSection
	GlobalSection(ProjectConfigurationPlatforms) = postSolution
		{01AB69A6-E2E2-436A-A315-E9AC3A218DDE}.Debug|Any CPU.ActiveCfg = Debug|Any CPU
		{01AB69A6-E2E2-436A-A315-E9AC3A218DDE}.Debug|Any CPU.Build.0 = Debug|Any CPU
		{01AB69A6-E2E2-436A-A315-E9AC3A218DDE}.Release|Any CPU.ActiveCfg = Release|Any CPU
		{01AB69A6-E2E2-436A-A315-E9AC3A218DDE}.Release|Any CPU.Build.0 = Release|Any CPU
		{4018E06F-BEB5-499D-B382-0E5E301491F6}.Debug|Any CPU.ActiveCfg = Debug|Any CPU
		{4018E06F-BEB5-499D-B382-0E5E301491F6}.Debug|Any CPU.Build.0 = Debug|Any CPU
		{4018E06F-BEB5-499D-B382-0E5E301491F6}.Release|Any CPU.ActiveCfg = Release|Any CPU
		{4018E06F-BEB5-499D-B382-0E5E301491F6}.Release|Any CPU.Build.0 = Release|Any CPU
	EndGlobalSection
EndGlobal
