
Microsoft Visual Studio Solution File, Format Version 12.00
Project("{FAE04EC0-301F-11D3-BF4B-00C04F79EFBC}") = "MyFirstRazorApp", "MyFirstRazorApp.csproj", "{A88C06E8-2BF6-411D-B98E-D9D07036723B}"
EndProject
Global
	GlobalSection(SolutionConfigurationPlatforms) = preSolution
		Debug|Any CPU = Debug|Any CPU
		Release|Any CPU = Release|Any CPU
	EndGlobalSection
	GlobalSection(ProjectConfigurationPlatforms) = postSolution
		{A88C06E8-2BF6-411D-B98E-D9D07036723B}.Debug|Any CPU.ActiveCfg = Debug|Any CPU
		{A88C06E8-2BF6-411D-B98E-D9D07036723B}.Debug|Any CPU.Build.0 = Debug|Any CPU
		{A88C06E8-2BF6-411D-B98E-D9D07036723B}.Release|Any CPU.ActiveCfg = Release|Any CPU
		{A88C06E8-2BF6-411D-B98E-D9D07036723B}.Release|Any CPU.Build.0 = Release|Any CPU
	EndGlobalSection
EndGlobal
